
Microsoft Visual Studio Solution File, Format Version 12.00
# Visual Studio Version 17
VisualStudioVersion = 17.12.35707.178 d17.12
MinimumVisualStudioVersion = 10.0.40219.1
Project("{FAE04EC0-301F-11D3-BF4B-00C04F79EFBC}") = "FirstApi.Entity", "FirstApi.Entity\FirstApi.Entity.csproj", "{25A60E36-8BA9-4F4E-BCAF-BFE3A4640C8C}"
EndProject
Project("{FAE04EC0-301F-11D3-BF4B-00C04F79EFBC}") = "FirstApi.DataAccess", "FirstApi.DataAccess\FirstApi.DataAccess.csproj", "{9AD88325-81F4-4325-8029-BF5A8C350611}"
EndProject
Project("{FAE04EC0-301F-11D3-BF4B-00C04F79EFBC}") = "FirstApi.Business", "FirstApi.Business\FirstApi.Business.csproj", "{D02D491F-86DF-4EA8-B501-39E785FAEF2B}"
EndProject
Project("{FAE04EC0-301F-11D3-BF4B-00C04F79EFBC}") = "FirstApi.WebApi", "FirstApi.WebApi\FirstApi.WebApi.csproj", "{B3243261-50C0-4905-AECF-FA26742521DB}"
EndProject
Global
	GlobalSection(SolutionConfigurationPlatforms) = preSolution
		Debug|Any CPU = Debug|Any CPU
		Release|Any CPU = Release|Any CPU
	EndGlobalSection
	GlobalSection(ProjectConfigurationPlatforms) = postSolution
		{25A60E36-8BA9-4F4E-BCAF-BFE3A4640C8C}.Debug|Any CPU.ActiveCfg = Debug|Any CPU
		{25A60E36-8BA9-4F4E-BCAF-BFE3A4640C8C}.Debug|Any CPU.Build.0 = Debug|Any CPU
		{25A60E36-8BA9-4F4E-BCAF-BFE3A4640C8C}.Release|Any CPU.ActiveCfg = Release|Any CPU
		{25A60E36-8BA9-4F4E-BCAF-BFE3A4640C8C}.Release|Any CPU.Build.0 = Release|Any CPU
		{9AD88325-81F4-4325-8029-BF5A8C350611}.Debug|Any CPU.ActiveCfg = Debug|Any CPU
		{9AD88325-81F4-4325-8029-BF5A8C350611}.Debug|Any CPU.Build.0 = Debug|Any CPU
		{9AD88325-81F4-4325-8029-BF5A8C350611}.Release|Any CPU.ActiveCfg = Release|Any CPU
		{9AD88325-81F4-4325-8029-BF5A8C350611}.Release|Any CPU.Build.0 = Release|Any CPU
		{D02D491F-86DF-4EA8-B501-39E785FAEF2B}.Debug|Any CPU.ActiveCfg = Debug|Any CPU
		{D02D491F-86DF-4EA8-B501-39E785FAEF2B}.Debug|Any CPU.Build.0 = Debug|Any CPU
		{D02D491F-86DF-4EA8-B501-39E785FAEF2B}.Release|Any CPU.ActiveCfg = Release|Any CPU
		{D02D491F-86DF-4EA8-B501-39E785FAEF2B}.Release|Any CPU.Build.0 = Release|Any CPU
		{B3243261-50C0-4905-AECF-FA26742521DB}.Debug|Any CPU.ActiveCfg = Debug|Any CPU
		{B3243261-50C0-4905-AECF-FA26742521DB}.Debug|Any CPU.Build.0 = Debug|Any CPU
		{B3243261-50C0-4905-AECF-FA26742521DB}.Release|Any CPU.ActiveCfg = Release|Any CPU
		{B3243261-50C0-4905-AECF-FA26742521DB}.Release|Any CPU.Build.0 = Release|Any CPU
	EndGlobalSection
	GlobalSection(SolutionProperties) = preSolution
		HideSolutionNode = FALSE
	EndGlobalSection
EndGlobal
